// !$*UTF8*$!
{
	archiveVersion = 1;
	classes = {
	};
	objectVersion = 46;
	objects = {

/* Begin PBXBuildFile section */
		6F9FC6841EC8D846004681C2 /* AppDelegate.swift in Sources */ = {isa = PBXBuildFile; fileRef = 6F9FC6831EC8D846004681C2 /* AppDelegate.swift */; };
		6F9FC6861EC8D846004681C2 /* ViewController.swift in Sources */ = {isa = PBXBuildFile; fileRef = 6F9FC6851EC8D846004681C2 /* ViewController.swift */; };
		6F9FC6891EC8D846004681C2 /* Main.storyboard in Resources */ = {isa = PBXBuildFile; fileRef = 6F9FC6871EC8D846004681C2 /* Main.storyboard */; };
		6F9FC68C1EC8D846004681C2 /* WKWebCacheDemo.xcdatamodeld in Sources */ = {isa = PBXBuildFile; fileRef = 6F9FC68A1EC8D846004681C2 /* WKWebCacheDemo.xcdatamodeld */; };
		6F9FC68E1EC8D846004681C2 /* Assets.xcassets in Resources */ = {isa = PBXBuildFile; fileRef = 6F9FC68D1EC8D846004681C2 /* Assets.xcassets */; };
		6F9FC6911EC8D846004681C2 /* LaunchScreen.storyboard in Resources */ = {isa = PBXBuildFile; fileRef = 6F9FC68F1EC8D846004681C2 /* LaunchScreen.storyboard */; };
/* End PBXBuildFile section */

/* Begin PBXFileReference section */
		6F9FC6801EC8D846004681C2 /* WKWebCacheDemo.app */ = {isa = PBXFileReference; explicitFileType = wrapper.application; includeInIndex = 0; path = WKWebCacheDemo.app; sourceTree = BUILT_PRODUCTS_DIR; };
		6F9FC6831EC8D846004681C2 /* AppDelegate.swift */ = {isa = PBXFileReference; lastKnownFileType = sourcecode.swift; path = AppDelegate.swift; sourceTree = "<group>"; };
		6F9FC6851EC8D846004681C2 /* ViewController.swift */ = {isa = PBXFileReference; lastKnownFileType = sourcecode.swift; path = ViewController.swift; sourceTree = "<group>"; };
		6F9FC6881EC8D846004681C2 /* Base */ = {isa = PBXFileReference; lastKnownFileType = file.storyboard; name = Base; path = Base.lproj/Main.storyboard; sourceTree = "<group>"; };
		6F9FC68B1EC8D846004681C2 /* WKWebCacheDemo.xcdatamodel */ = {isa = PBXFileReference; lastKnownFileType = wrapper.xcdatamodel; path = WKWebCacheDemo.xcdatamodel; sourceTree = "<group>"; };
		6F9FC68D1EC8D846004681C2 /* Assets.xcassets */ = {isa = PBXFileReference; lastKnownFileType = folder.assetcatalog; path = Assets.xcassets; sourceTree = "<group>"; };
		6F9FC6901EC8D846004681C2 /* Base */ = {isa = PBXFileReference; lastKnownFileType = file.storyboard; name = Base; path = Base.lproj/LaunchScreen.storyboard; sourceTree = "<group>"; };
		6F9FC6921EC8D846004681C2 /* Info.plist */ = {isa = PBXFileReference; lastKnownFileType = text.plist.xml; path = Info.plist; sourceTree = "<group>"; };
/* End PBXFileReference section */

/* Begin PBXFrameworksBuildPhase section */
		6F9FC67D1EC8D846004681C2 /* Frameworks */ = {
			isa = PBXFrameworksBuildPhase;
			buildActionMask = 2147483647;
			files = (
			);
			runOnlyForDeploymentPostprocessing = 0;
		};
/* End PBXFrameworksBuildPhase section */

/* Begin PBXGroup section */
		6F9FC6771EC8D846004681C2 = {
			isa = PBXGroup;
			children = (
				6F9FC6821EC8D846004681C2 /* WKWebCacheDemo */,
				6F9FC6811EC8D846004681C2 /* Products */,
			);
			sourceTree = "<group>";
		};
		6F9FC6811EC8D846004681C2 /* Products */ = {
			isa = PBXGroup;
			children = (
				6F9FC6801EC8D846004681C2 /* WKWebCacheDemo.app */,
			);
			name = Products;
			sourceTree = "<group>";
		};
		6F9FC6821EC8D846004681C2 /* WKWebCacheDemo */ = {
			isa = PBXGroup;
			children = (
				6F9FC6831EC8D846004681C2 /* AppDelegate.swift */,
				6F9FC6851EC8D846004681C2 /* ViewController.swift */,
				6F9FC6871EC8D846004681C2 /* Main.storyboard */,
				6F9FC68D1EC8D846004681C2 /* Assets.xcassets */,
				6F9FC68F1EC8D846004681C2 /* LaunchScreen.storyboard */,
				6F9FC6921EC8D846004681C2 /* Info.plist */,
				6F9FC68A1EC8D846004681C2 /* WKWebCacheDemo.xcdatamodeld */,
			);
			path = WKWebCacheDemo;
			sourceTree = "<group>";
		};
/* End PBXGroup section */

/* Begin PBXNativeTarget section */
		6F9FC67F1EC8D846004681C2 /* WKWebCacheDemo */ = {
			isa = PBXNativeTarget;
			buildConfigurationList = 6F9FC6951EC8D846004681C2 /* Build configuration list for PBXNativeTarget "WKWebCacheDemo" */;
			buildPhases = (
				6F9FC67C1EC8D846004681C2 /* Sources */,
				6F9FC67D1EC8D846004681C2 /* Frameworks */,
				6F9FC67E1EC8D846004681C2 /* Resources */,
			);
			buildRules = (
			);
			dependencies = (
			);
			name = WKWebCacheDemo;
			productName = WKWebCacheDemo;
			productReference = 6F9FC6801EC8D846004681C2 /* WKWebCacheDemo.app */;
			productType = "com.apple.product-type.application";
		};
/* End PBXNativeTarget section */

/* Begin PBXProject section */
		6F9FC6781EC8D846004681C2 /* Project object */ = {
			isa = PBXProject;
			attributes = {
				LastSwiftUpdateCheck = 0830;
				LastUpgradeCheck = 0830;
				ORGANIZATIONNAME = Kokpheng;
				TargetAttributes = {
					6F9FC67F1EC8D846004681C2 = {
						CreatedOnToolsVersion = 8.3.2;
						ProvisioningStyle = Automatic;
					};
				};
			};
			buildConfigurationList = 6F9FC67B1EC8D846004681C2 /* Build configuration list for PBXProject "WKWebCacheDemo" */;
			compatibilityVersion = "Xcode 3.2";
			developmentRegion = English;
			hasScannedForEncodings = 0;
			knownRegions = (
				en,
				Base,
			);
			mainGroup = 6F9FC6771EC8D846004681C2;
			productRefGroup = 6F9FC6811EC8D846004681C2 /* Products */;
			projectDirPath = "";
			projectRoot = "";
			targets = (
				6F9FC67F1EC8D846004681C2 /* WKWebCacheDemo */,
			);
		};
/* End PBXProject section */

/* Begin PBXResourcesBuildPhase section */
		6F9FC67E1EC8D846004681C2 /* Resources */ = {
			isa = PBXResourcesBuildPhase;
			buildActionMask = 2147483647;
			files = (
				6F9FC6911EC8D846004681C2 /* LaunchScreen.storyboard in Resources */,
				6F9FC68E1EC8D846004681C2 /* Assets.xcassets in Resources */,
				6F9FC6891EC8D846004681C2 /* Main.storyboard in Resources */,
			);
			runOnlyForDeploymentPostprocessing = 0;
		};
/* End PBXResourcesBuildPhase section */

/* Begin PBXSourcesBuildPhase section */
		6F9FC67C1EC8D846004681C2 /* Sources */ = {
			isa = PBXSourcesBuildPhase;
			buildActionMask = 2147483647;
			files = (
				6F9FC6861EC8D846004681C2 /* ViewController.swift in Sources */,
				6F9FC6841EC8D846004681C2 /* AppDelegate.swift in Sources */,
				6F9FC68C1EC8D846004681C2 /* WKWebCacheDemo.xcdatamodeld in Sources */,
			);
			runOnlyForDeploymentPostprocessing = 0;
		};
/* End PBXSourcesBuildPhase section */

/* Begin PBXVariantGroup section */
		6F9FC6871EC8D846004681C2 /* Main.storyboard */ = {
			isa = PBXVariantGroup;
			children = (
				6F9FC6881EC8D846004681C2 /* Base */,
			);
			name = Main.storyboard;
			sourceTree = "<group>";
		};
		6F9FC68F1EC8D846004681C2 /* LaunchScreen.storyboard */ = {
			isa = PBXVariantGroup;
			children = (
				6F9FC6901EC8D846004681C2 /* Base */,
			);
			name = LaunchScreen.storyboard;
			sourceTree = "<group>";
		};
/* End PBXVariantGroup section */

/* Begin XCBuildConfiguration section */
		6F9FC6931EC8D846004681C2 /* Debug */ = {
			isa = XCBuildConfiguration;
			buildSettings = {
				ALWAYS_SEARCH_USER_PATHS = NO;
				CLANG_ANALYZER_NONNULL = YES;
				CLANG_ANALYZER_NUMBER_OBJECT_CONVERSION = YES_AGGRESSIVE;
				CLANG_CXX_LANGUAGE_STANDARD = "gnu++0x";
				CLANG_CXX_LIBRARY = "libc++";
				CLANG_ENABLE_MODULES = YES;
				CLANG_ENABLE_OBJC_ARC = YES;
				CLANG_WARN_BOOL_CONVERSION = YES;
				CLANG_WARN_CONSTANT_CONVERSION = YES;
				CLANG_WARN_DIRECT_OBJC_ISA_USAGE = YES_ERROR;
				CLANG_WARN_DOCUMENTATION_COMMENTS = YES;
				CLANG_WARN_EMPTY_BODY = YES;
				CLANG_WARN_ENUM_CONVERSION = YES;
				CLANG_WARN_INFINITE_RECURSION = YES;
				CLANG_WARN_INT_CONVERSION = YES;
				CLANG_WARN_OBJC_ROOT_CLASS = YES_ERROR;
				CLANG_WARN_SUSPICIOUS_MOVE = YES;
				CLANG_WARN_UNREACHABLE_CODE = YES;
				CLANG_WARN__DUPLICATE_METHOD_MATCH = YES;
				"CODE_SIGN_IDENTITY[sdk=iphoneos*]" = "iPhone Developer";
				COPY_PHASE_STRIP = NO;
				DEBUG_INFORMATION_FORMAT = dwarf;
				ENABLE_STRICT_OBJC_MSGSEND = YES;
				ENABLE_TESTABILITY = YES;
				GCC_C_LANGUAGE_STANDARD = gnu99;
				GCC_DYNAMIC_NO_PIC = NO;
				GCC_NO_COMMON_BLOCKS = YES;
				GCC_OPTIMIZATION_LEVEL = 0;
				GCC_PREPROCESSOR_DEFINITIONS = (
					"DEBUG=1",
					"$(inherited)",
				);
				GCC_WARN_64_TO_32_BIT_CONVERSION = YES;
				GCC_WARN_ABOUT_RETURN_TYPE = YES_ERROR;
				GCC_WARN_UNDECLARED_SELECTOR = YES;
				GCC_WARN_UNINITIALIZED_AUTOS = YES_AGGRESSIVE;
				GCC_WARN_UNUSED_FUNCTION = YES;
				GCC_WARN_UNUSED_VARIABLE = YES;
				IPHONEOS_DEPLOYMENT_TARGET = 10.3;
				MTL_ENABLE_DEBUG_INFO = YES;
				ONLY_ACTIVE_ARCH = YES;
				SDKROOT = iphoneos;
				SWIFT_ACTIVE_COMPILATION_CONDITIONS = DEBUG;
				SWIFT_OPTIMIZATION_LEVEL = "-Onone";
				TARGETED_DEVICE_FAMILY = 2;
			};
			name = Debug;
		};
		6F9FC6941EC8D846004681C2 /* Release */ = {
			isa = XCBuildConfiguration;
			buildSettings = {
				ALWAYS_SEARCH_USER_PATHS = NO;
				CLANG_ANALYZER_NONNULL = YES;
				CLANG_ANALYZER_NUMBER_OBJECT_CONVERSION = YES_AGGRESSIVE;
				CLANG_CXX_LANGUAGE_STANDARD = "gnu++0x";
				CLANG_CXX_LIBRARY = "libc++";
				CLANG_ENABLE_MODULES = YES;
				CLANG_ENABLE_OBJC_ARC = YES;
				CLANG_WARN_BOOL_CONVERSION = YES;
				CLANG_WARN_CONSTANT_CONVERSION = YES;
				CLANG_WARN_DIRECT_OBJC_ISA_USAGE = YES_ERROR;
				CLANG_WARN_DOCUMENTATION_COMMENTS = YES;
				CLANG_WARN_EMPTY_BODY = YES;
				CLANG_WARN_ENUM_CONVERSION = YES;
				CLANG_WARN_INFINITE_RECURSION = YES;
				CLANG_WARN_INT_CONVERSION = YES;
				CLANG_WARN_OBJC_ROOT_CLASS = YES_ERROR;
				CLANG_WARN_SUSPICIOUS_MOVE = YES;
				CLANG_WARN_UNREACHABLE_CODE = YES;
				CLANG_WARN__DUPLICATE_METHOD_MATCH = YES;
				"CODE_SIGN_IDENTITY[sdk=iphoneos*]" = "iPhone Developer";
				COPY_PHASE_STRIP = NO;
				DEBUG_INFORMATION_FORMAT = "dwarf-with-dsym";
				ENABLE_NS_ASSERTIONS = NO;
				ENABLE_STRICT_OBJC_MSGSEND = YES;
				GCC_C_LANGUAGE_STANDARD = gnu99;
				GCC_NO_COMMON_BLOCKS = YES;
				GCC_WARN_64_TO_32_BIT_CONVERSION = YES;
				GCC_WARN_ABOUT_RETURN_TYPE = YES_ERROR;
				GCC_WARN_UNDECLARED_SELECTOR = YES;
				GCC_WARN_UNINITIALIZED_AUTOS = YES_AGGRESSIVE;
				GCC_WARN_UNUSED_FUNCTION = YES;
				GCC_WARN_UNUSED_VARIABLE = YES;
				IPHONEOS_DEPLOYMENT_TARGET = 10.3;
				MTL_ENABLE_DEBUG_INFO = NO;
				SDKROOT = iphoneos;
				SWIFT_OPTIMIZATION_LEVEL = "-Owholemodule";
				TARGETED_DEVICE_FAMILY = 2;
				VALIDATE_PRODUCT = YES;
			};
			name = Release;
		};
		6F9FC6961EC8D846004681C2 /* Debug */ = {
			isa = XCBuildConfiguration;
			buildSettings = {
				ASSETCATALOG_COMPILER_APPICON_NAME = AppIcon;
				INFOPLIST_FILE = WKWebCacheDemo/Info.plist;
				LD_RUNPATH_SEARCH_PATHS = "$(inherited) @executable_path/Frameworks";
				PRODUCT_BUNDLE_IDENTIFIER = com.angkode.WKWebCacheDemo;
				PRODUCT_NAME = "$(TARGET_NAME)";
				SWIFT_VERSION = 3.0;
			};
			name = Debug;
		};
		6F9FC6971EC8D846004681C2 /* Release */ = {
			isa = XCBuildConfiguration;
			buildSettings = {
				ASSETCATALOG_COMPILER_APPICON_NAME = AppIcon;
				INFOPLIST_FILE = WKWebCacheDemo/Info.plist;
				LD_RUNPATH_SEARCH_PATHS = "$(inherited) @executable_path/Frameworks";
				PRODUCT_BUNDLE_IDENTIFIER = com.angkode.WKWebCacheDemo;
				PRODUCT_NAME = "$(TARGET_NAME)";
				SWIFT_VERSION = 3.0;
			};
			name = Release;
		};
/* End XCBuildConfiguration section */

/* Begin XCConfigurationList section */
		6F9FC67B1EC8D846004681C2 /* Build configuration list for PBXProject "WKWebCacheDemo" */ = {
			isa = XCConfigurationList;
			buildConfigurations = (
				6F9FC6931EC8D846004681C2 /* Debug */,
				6F9FC6941EC8D846004681C2 /* Release */,
			);
			defaultConfigurationIsVisible = 0;
			defaultConfigurationName = Release;
		};
		6F9FC6951EC8D846004681C2 /* Build configuration list for PBXNativeTarget "WKWebCacheDemo" */ = {
			isa = XCConfigurationList;
			buildConfigurations = (
				6F9FC6961EC8D846004681C2 /* Debug */,
				6F9FC6971EC8D846004681C2 /* Release */,
			);
			defaultConfigurationIsVisible = 0;
		};
/* End XCConfigurationList section */

/* Begin XCVersionGroup section */
		6F9FC68A1EC8D846004681C2 /* WKWebCacheDemo.xcdatamodeld */ = {
			isa = XCVersionGroup;
			children = (
				6F9FC68B1EC8D846004681C2 /* WKWebCacheDemo.xcdatamodel */,
			);
			currentVersion = 6F9FC68B1EC8D846004681C2 /* WKWebCacheDemo.xcdatamodel */;
			path = WKWebCacheDemo.xcdatamodeld;
			sourceTree = "<group>";
			versionGroupType = wrapper.xcdatamodel;
		};
/* End XCVersionGroup section */
	};
	rootObject = 6F9FC6781EC8D846004681C2 /* Project object */;
}
